
Microsoft Visual Studio Solution File, Format Version 12.00
# Visual Studio Version 16
VisualStudioVersion = 16.0.31321.278
MinimumVisualStudioVersion = 10.0.40219.1
Project("{9A19103F-16F7-4668-BE54-9A1E7A4F7556}") = "NugetPackageConsumer", "NugetPackageConsumer\NugetPackageConsumer.csproj", "{32CE4FD4-6247-4B1E-A32B-843C113C0DB6}"
EndProject
Project("{9A19103F-16F7-4668-BE54-9A1E7A4F7556}") = "NugetPackageDemo", "NugetPackageDemo\NugetPackageDemo.csproj", "{F1C3EEBB-2196-4B01-A0E3-7B41EDA38D57}"
EndProject
Project("{2150E333-8FDC-42A3-9474-1A3956D46DE8}") = "Solution Items", "Solution Items", "{A6E6AE82-6403-4357-864B-C41C295DAC93}"
	ProjectSection(SolutionItems) = preProject
		switcher.json = switcher.json
	EndProjectSection
EndProject
Global
	GlobalSection(SolutionConfigurationPlatforms) = preSolution
		Debug|Any CPU = Debug|Any CPU
		Release|Any CPU = Release|Any CPU
	EndGlobalSection
	GlobalSection(ProjectConfigurationPlatforms) = postSolution
		{32CE4FD4-6247-4B1E-A32B-843C113C0DB6}.Debug|Any CPU.ActiveCfg = Debug|Any CPU
		{32CE4FD4-6247-4B1E-A32B-843C113C0DB6}.Debug|Any CPU.Build.0 = Debug|Any CPU
		{32CE4FD4-6247-4B1E-A32B-843C113C0DB6}.Release|Any CPU.ActiveCfg = Release|Any CPU
		{32CE4FD4-6247-4B1E-A32B-843C113C0DB6}.Release|Any CPU.Build.0 = Release|Any CPU
		{F1C3EEBB-2196-4B01-A0E3-7B41EDA38D57}.Debug|Any CPU.ActiveCfg = Debug|Any CPU
		{F1C3EEBB-2196-4B01-A0E3-7B41EDA38D57}.Debug|Any CPU.Build.0 = Debug|Any CPU
		{F1C3EEBB-2196-4B01-A0E3-7B41EDA38D57}.Release|Any CPU.ActiveCfg = Release|Any CPU
		{F1C3EEBB-2196-4B01-A0E3-7B41EDA38D57}.Release|Any CPU.Build.0 = Release|Any CPU
	EndGlobalSection
	GlobalSection(SolutionProperties) = preSolution
		HideSolutionNode = FALSE
	EndGlobalSection
	GlobalSection(ExtensibilityGlobals) = postSolution
		SolutionGuid = {DCD125BF-B11E-49F7-82EC-FC8D32B353F0}
	EndGlobalSection
EndGlobal
